// !$*UTF8*$!
{
	archiveVersion = 1;
	classes = {
	};
	objectVersion = 46;
	objects = {

/* Begin PBXBuildFile section */
		FB2C815B1AECBA4200D90033 /* main.m in Sources */ = {isa = PBXBuildFile; fileRef = FB2C815A1AECBA4200D90033 /* main.m */; };
		FB2C815E1AECBA4200D90033 /* AppDelegate.m in Sources */ = {isa = PBXBuildFile; fileRef = FB2C815D1AECBA4200D90033 /* AppDelegate.m */; };
		FB2C81611AECBA4200D90033 /* ViewController.m in Sources */ = {isa = PBXBuildFile; fileRef = FB2C81601AECBA4200D90033 /* ViewController.m */; };
		FB2C81641AECBA4200D90033 /* Main.storyboard in Resources */ = {isa = PBXBuildFile; fileRef = FB2C81621AECBA4200D90033 /* Main.storyboard */; };
		FB2C81661AECBA4200D90033 /* Images.xcassets in Resources */ = {isa = PBXBuildFile; fileRef = FB2C81651AECBA4200D90033 /* Images.xcassets */; };
		FB2C81691AECBA4200D90033 /* LaunchScreen.xib in Resources */ = {isa = PBXBuildFile; fileRef = FB2C81671AECBA4200D90033 /* LaunchScreen.xib */; };
		FB2C81751AECBA4200D90033 /* TestRuntimeTests.m in Sources */ = {isa = PBXBuildFile; fileRef = FB2C81741AECBA4200D90033 /* TestRuntimeTests.m */; };
		FB2C81801AECCDED00D90033 /* TestClass.m in Sources */ = {isa = PBXBuildFile; fileRef = FB2C817F1AECCDED00D90033 /* TestClass.m */; };
/* End PBXBuildFile section */

/* Begin PBXContainerItemProxy section */
		FB2C816F1AECBA4200D90033 /* PBXContainerItemProxy */ = {
			isa = PBXContainerItemProxy;
			containerPortal = FB2C814D1AECBA4200D90033 /* Project object */;
			proxyType = 1;
			remoteGlobalIDString = FB2C81541AECBA4200D90033;
			remoteInfo = TestRuntime;
		};
/* End PBXContainerItemProxy section */

/* Begin PBXFileReference section */
		FB2C81551AECBA4200D90033 /* TestRuntime.app */ = {isa = PBXFileReference; explicitFileType = wrapper.application; includeInIndex = 0; path = TestRuntime.app; sourceTree = BUILT_PRODUCTS_DIR; };
		FB2C81591AECBA4200D90033 /* Info.plist */ = {isa = PBXFileReference; lastKnownFileType = text.plist.xml; path = Info.plist; sourceTree = "<group>"; };
		FB2C815A1AECBA4200D90033 /* main.m */ = {isa = PBXFileReference; lastKnownFileType = sourcecode.c.objc; path = main.m; sourceTree = "<group>"; };
		FB2C815C1AECBA4200D90033 /* AppDelegate.h */ = {isa = PBXFileReference; lastKnownFileType = sourcecode.c.h; path = AppDelegate.h; sourceTree = "<group>"; };
		FB2C815D1AECBA4200D90033 /* AppDelegate.m */ = {isa = PBXFileReference; lastKnownFileType = sourcecode.c.objc; path = AppDelegate.m; sourceTree = "<group>"; };
		FB2C815F1AECBA4200D90033 /* ViewController.h */ = {isa = PBXFileReference; lastKnownFileType = sourcecode.c.h; path = ViewController.h; sourceTree = "<group>"; };
		FB2C81601AECBA4200D90033 /* ViewController.m */ = {isa = PBXFileReference; lastKnownFileType = sourcecode.c.objc; path = ViewController.m; sourceTree = "<group>"; };
		FB2C81631AECBA4200D90033 /* Base */ = {isa = PBXFileReference; lastKnownFileType = file.storyboard; name = Base; path = Base.lproj/Main.storyboard; sourceTree = "<group>"; };
		FB2C81651AECBA4200D90033 /* Images.xcassets */ = {isa = PBXFileReference; lastKnownFileType = folder.assetcatalog; path = Images.xcassets; sourceTree = "<group>"; };
		FB2C81681AECBA4200D90033 /* Base */ = {isa = PBXFileReference; lastKnownFileType = file.xib; name = Base; path = Base.lproj/LaunchScreen.xib; sourceTree = "<group>"; };
		FB2C816E1AECBA4200D90033 /* TestRuntimeTests.xctest */ = {isa = PBXFileReference; explicitFileType = wrapper.cfbundle; includeInIndex = 0; path = TestRuntimeTests.xctest; sourceTree = BUILT_PRODUCTS_DIR; };
		FB2C81731AECBA4200D90033 /* Info.plist */ = {isa = PBXFileReference; lastKnownFileType = text.plist.xml; path = Info.plist; sourceTree = "<group>"; };
		FB2C81741AECBA4200D90033 /* TestRuntimeTests.m */ = {isa = PBXFileReference; lastKnownFileType = sourcecode.c.objc; path = TestRuntimeTests.m; sourceTree = "<group>"; };
		FB2C817E1AECCDED00D90033 /* TestClass.h */ = {isa = PBXFileReference; fileEncoding = 4; lastKnownFileType = sourcecode.c.h; path = TestClass.h; sourceTree = "<group>"; };
		FB2C817F1AECCDED00D90033 /* TestClass.m */ = {isa = PBXFileReference; fileEncoding = 4; lastKnownFileType = sourcecode.c.objc; path = TestClass.m; sourceTree = "<group>"; };
/* End PBXFileReference section */

/* Begin PBXFrameworksBuildPhase section */
		FB2C81521AECBA4200D90033 /* Frameworks */ = {
			isa = PBXFrameworksBuildPhase;
			buildActionMask = 2147483647;
			files = (
			);
			runOnlyForDeploymentPostprocessing = 0;
		};
		FB2C816B1AECBA4200D90033 /* Frameworks */ = {
			isa = PBXFrameworksBuildPhase;
			buildActionMask = 2147483647;
			files = (
			);
			runOnlyForDeploymentPostprocessing = 0;
		};
/* End PBXFrameworksBuildPhase section */

/* Begin PBXGroup section */
		FB2C814C1AECBA4200D90033 = {
			isa = PBXGroup;
			children = (
				FB2C81571AECBA4200D90033 /* TestRuntime */,
				FB2C81711AECBA4200D90033 /* TestRuntimeTests */,
				FB2C81561AECBA4200D90033 /* Products */,
			);
			sourceTree = "<group>";
		};
		FB2C81561AECBA4200D90033 /* Products */ = {
			isa = PBXGroup;
			children = (
				FB2C81551AECBA4200D90033 /* TestRuntime.app */,
				FB2C816E1AECBA4200D90033 /* TestRuntimeTests.xctest */,
			);
			name = Products;
			sourceTree = "<group>";
		};
		FB2C81571AECBA4200D90033 /* TestRuntime */ = {
			isa = PBXGroup;
			children = (
				FB2C815C1AECBA4200D90033 /* AppDelegate.h */,
				FB2C815D1AECBA4200D90033 /* AppDelegate.m */,
				FB2C815F1AECBA4200D90033 /* ViewController.h */,
				FB2C81601AECBA4200D90033 /* ViewController.m */,
				FB2C817E1AECCDED00D90033 /* TestClass.h */,
				FB2C817F1AECCDED00D90033 /* TestClass.m */,
				FB2C81621AECBA4200D90033 /* Main.storyboard */,
				FB2C81651AECBA4200D90033 /* Images.xcassets */,
				FB2C81671AECBA4200D90033 /* LaunchScreen.xib */,
				FB2C81581AECBA4200D90033 /* Supporting Files */,
			);
			path = TestRuntime;
			sourceTree = "<group>";
		};
		FB2C81581AECBA4200D90033 /* Supporting Files */ = {
			isa = PBXGroup;
			children = (
				FB2C81591AECBA4200D90033 /* Info.plist */,
				FB2C815A1AECBA4200D90033 /* main.m */,
			);
			name = "Supporting Files";
			sourceTree = "<group>";
		};
		FB2C81711AECBA4200D90033 /* TestRuntimeTests */ = {
			isa = PBXGroup;
			children = (
				FB2C81741AECBA4200D90033 /* TestRuntimeTests.m */,
				FB2C81721AECBA4200D90033 /* Supporting Files */,
			);
			path = TestRuntimeTests;
			sourceTree = "<group>";
		};
		FB2C81721AECBA4200D90033 /* Supporting Files */ = {
			isa = PBXGroup;
			children = (
				FB2C81731AECBA4200D90033 /* Info.plist */,
			);
			name = "Supporting Files";
			sourceTree = "<group>";
		};
/* End PBXGroup section */

/* Begin PBXNativeTarget section */
		FB2C81541AECBA4200D90033 /* TestRuntime */ = {
			isa = PBXNativeTarget;
			buildConfigurationList = FB2C81781AECBA4200D90033 /* Build configuration list for PBXNativeTarget "TestRuntime" */;
			buildPhases = (
				FB2C81511AECBA4200D90033 /* Sources */,
				FB2C81521AECBA4200D90033 /* Frameworks */,
				FB2C81531AECBA4200D90033 /* Resources */,
			);
			buildRules = (
			);
			dependencies = (
			);
			name = TestRuntime;
			productName = TestRuntime;
			productReference = FB2C81551AECBA4200D90033 /* TestRuntime.app */;
			productType = "com.apple.product-type.application";
		};
		FB2C816D1AECBA4200D90033 /* TestRuntimeTests */ = {
			isa = PBXNativeTarget;
			buildConfigurationList = FB2C817B1AECBA4200D90033 /* Build configuration list for PBXNativeTarget "TestRuntimeTests" */;
			buildPhases = (
				FB2C816A1AECBA4200D90033 /* Sources */,
				FB2C816B1AECBA4200D90033 /* Frameworks */,
				FB2C816C1AECBA4200D90033 /* Resources */,
			);
			buildRules = (
			);
			dependencies = (
				FB2C81701AECBA4200D90033 /* PBXTargetDependency */,
			);
			name = TestRuntimeTests;
			productName = TestRuntimeTests;
			productReference = FB2C816E1AECBA4200D90033 /* TestRuntimeTests.xctest */;
			productType = "com.apple.product-type.bundle.unit-test";
		};
/* End PBXNativeTarget section */

/* Begin PBXProject section */
		FB2C814D1AECBA4200D90033 /* Project object */ = {
			isa = PBXProject;
			attributes = {
				LastUpgradeCheck = 0620;
				ORGANIZATIONNAME = SanFenXian;
				TargetAttributes = {
					FB2C81541AECBA4200D90033 = {
						CreatedOnToolsVersion = 6.2;
					};
					FB2C816D1AECBA4200D90033 = {
						CreatedOnToolsVersion = 6.2;
						TestTargetID = FB2C81541AECBA4200D90033;
					};
				};
			};
			buildConfigurationList = FB2C81501AECBA4200D90033 /* Build configuration list for PBXProject "TestRuntime" */;
			compatibilityVersion = "Xcode 3.2";
			developmentRegion = English;
			hasScannedForEncodings = 0;
			knownRegions = (
				en,
				Base,
			);
			mainGroup = FB2C814C1AECBA4200D90033;
			productRefGroup = FB2C81561AECBA4200D90033 /* Products */;
			projectDirPath = "";
			projectRoot = "";
			targets = (
				FB2C81541AECBA4200D90033 /* TestRuntime */,
				FB2C816D1AECBA4200D90033 /* TestRuntimeTests */,
			);
		};
/* End PBXProject section */

/* Begin PBXResourcesBuildPhase section */
		FB2C81531AECBA4200D90033 /* Resources */ = {
			isa = PBXResourcesBuildPhase;
			buildActionMask = 2147483647;
			files = (
				FB2C81641AECBA4200D90033 /* Main.storyboard in Resources */,
				FB2C81691AECBA4200D90033 /* LaunchScreen.xib in Resources */,
				FB2C81661AECBA4200D90033 /* Images.xcassets in Resources */,
			);
			runOnlyForDeploymentPostprocessing = 0;
		};
		FB2C816C1AECBA4200D90033 /* Resources */ = {
			isa = PBXResourcesBuildPhase;
			buildActionMask = 2147483647;
			files = (
			);
			runOnlyForDeploymentPostprocessing = 0;
		};
/* End PBXResourcesBuildPhase section */

/* Begin PBXSourcesBuildPhase section */
		FB2C81511AECBA4200D90033 /* Sources */ = {
			isa = PBXSourcesBuildPhase;
			buildActionMask = 2147483647;
			files = (
				FB2C81801AECCDED00D90033 /* TestClass.m in Sources */,
				FB2C81611AECBA4200D90033 /* ViewController.m in Sources */,
				FB2C815E1AECBA4200D90033 /* AppDelegate.m in Sources */,
				FB2C815B1AECBA4200D90033 /* main.m in Sources */,
			);
			runOnlyForDeploymentPostprocessing = 0;
		};
		FB2C816A1AECBA4200D90033 /* Sources */ = {
			isa = PBXSourcesBuildPhase;
			buildActionMask = 2147483647;
			files = (
				FB2C81751AECBA4200D90033 /* TestRuntimeTests.m in Sources */,
			);
			runOnlyForDeploymentPostprocessing = 0;
		};
/* End PBXSourcesBuildPhase section */

/* Begin PBXTargetDependency section */
		FB2C81701AECBA4200D90033 /* PBXTargetDependency */ = {
			isa = PBXTargetDependency;
			target = FB2C81541AECBA4200D90033 /* TestRuntime */;
			targetProxy = FB2C816F1AECBA4200D90033 /* PBXContainerItemProxy */;
		};
/* End PBXTargetDependency section */

/* Begin PBXVariantGroup section */
		FB2C81621AECBA4200D90033 /* Main.storyboard */ = {
			isa = PBXVariantGroup;
			children = (
				FB2C81631AECBA4200D90033 /* Base */,
			);
			name = Main.storyboard;
			sourceTree = "<group>";
		};
		FB2C81671AECBA4200D90033 /* LaunchScreen.xib */ = {
			isa = PBXVariantGroup;
			children = (
				FB2C81681AECBA4200D90033 /* Base */,
			);
			name = LaunchScreen.xib;
			sourceTree = "<group>";
		};
/* End PBXVariantGroup section */

/* Begin XCBuildConfiguration section */
		FB2C81761AECBA4200D90033 /* Debug */ = {
			isa = XCBuildConfiguration;
			buildSettings = {
				ALWAYS_SEARCH_USER_PATHS = NO;
				CLANG_CXX_LANGUAGE_STANDARD = "gnu++0x";
				CLANG_CXX_LIBRARY = "libc++";
				CLANG_ENABLE_MODULES = YES;
				CLANG_ENABLE_OBJC_ARC = YES;
				CLANG_WARN_BOOL_CONVERSION = YES;
				CLANG_WARN_CONSTANT_CONVERSION = YES;
				CLANG_WARN_DIRECT_OBJC_ISA_USAGE = YES_ERROR;
				CLANG_WARN_EMPTY_BODY = YES;
				CLANG_WARN_ENUM_CONVERSION = YES;
				CLANG_WARN_INT_CONVERSION = YES;
				CLANG_WARN_OBJC_ROOT_CLASS = YES_ERROR;
				CLANG_WARN_UNREACHABLE_CODE = YES;
				CLANG_WARN__DUPLICATE_METHOD_MATCH = YES;
				"CODE_SIGN_IDENTITY[sdk=iphoneos*]" = "iPhone Developer";
				COPY_PHASE_STRIP = NO;
				ENABLE_STRICT_OBJC_MSGSEND = YES;
				GCC_C_LANGUAGE_STANDARD = gnu99;
				GCC_DYNAMIC_NO_PIC = NO;
				GCC_OPTIMIZATION_LEVEL = 0;
				GCC_PREPROCESSOR_DEFINITIONS = (
					"DEBUG=1",
					"$(inherited)",
				);
				GCC_SYMBOLS_PRIVATE_EXTERN = NO;
				GCC_WARN_64_TO_32_BIT_CONVERSION = YES;
				GCC_WARN_ABOUT_RETURN_TYPE = YES_ERROR;
				GCC_WARN_UNDECLARED_SELECTOR = YES;
				GCC_WARN_UNINITIALIZED_AUTOS = YES_AGGRESSIVE;
				GCC_WARN_UNUSED_FUNCTION = YES;
				GCC_WARN_UNUSED_VARIABLE = YES;
				IPHONEOS_DEPLOYMENT_TARGET = 8.2;
				MTL_ENABLE_DEBUG_INFO = YES;
				ONLY_ACTIVE_ARCH = YES;
				SDKROOT = iphoneos;
			};
			name = Debug;
		};
		FB2C81771AECBA4200D90033 /* Release */ = {
			isa = XCBuildConfiguration;
			buildSettings = {
				ALWAYS_SEARCH_USER_PATHS = NO;
				CLANG_CXX_LANGUAGE_STANDARD = "gnu++0x";
				CLANG_CXX_LIBRARY = "libc++";
				CLANG_ENABLE_MODULES = YES;
				CLANG_ENABLE_OBJC_ARC = YES;
				CLANG_WARN_BOOL_CONVERSION = YES;
				CLANG_WARN_CONSTANT_CONVERSION = YES;
				CLANG_WARN_DIRECT_OBJC_ISA_USAGE = YES_ERROR;
				CLANG_WARN_EMPTY_BODY = YES;
				CLANG_WARN_ENUM_CONVERSION = YES;
				CLANG_WARN_INT_CONVERSION = YES;
				CLANG_WARN_OBJC_ROOT_CLASS = YES_ERROR;
				CLANG_WARN_UNREACHABLE_CODE = YES;
				CLANG_WARN__DUPLICATE_METHOD_MATCH = YES;
				"CODE_SIGN_IDENTITY[sdk=iphoneos*]" = "iPhone Developer";
				COPY_PHASE_STRIP = NO;
				ENABLE_NS_ASSERTIONS = NO;
				ENABLE_STRICT_OBJC_MSGSEND = YES;
				GCC_C_LANGUAGE_STANDARD = gnu99;
				GCC_WARN_64_TO_32_BIT_CONVERSION = YES;
				GCC_WARN_ABOUT_RETURN_TYPE = YES_ERROR;
				GCC_WARN_UNDECLARED_SELECTOR = YES;
				GCC_WARN_UNINITIALIZED_AUTOS = YES_AGGRESSIVE;
				GCC_WARN_UNUSED_FUNCTION = YES;
				GCC_WARN_UNUSED_VARIABLE = YES;
				IPHONEOS_DEPLOYMENT_TARGET = 8.2;
				MTL_ENABLE_DEBUG_INFO = NO;
				SDKROOT = iphoneos;
				VALIDATE_PRODUCT = YES;
			};
			name = Release;
		};
		FB2C81791AECBA4200D90033 /* Debug */ = {
			isa = XCBuildConfiguration;
			buildSettings = {
				ASSETCATALOG_COMPILER_APPICON_NAME = AppIcon;
				CLANG_ENABLE_OBJC_ARC = NO;
				INFOPLIST_FILE = TestRuntime/Info.plist;
				LD_RUNPATH_SEARCH_PATHS = "$(inherited) @executable_path/Frameworks";
				PRODUCT_NAME = "$(TARGET_NAME)";
			};
			name = Debug;
		};
		FB2C817A1AECBA4200D90033 /* Release */ = {
			isa = XCBuildConfiguration;
			buildSettings = {
				ASSETCATALOG_COMPILER_APPICON_NAME = AppIcon;
				CLANG_ENABLE_OBJC_ARC = NO;
				INFOPLIST_FILE = TestRuntime/Info.plist;
				LD_RUNPATH_SEARCH_PATHS = "$(inherited) @executable_path/Frameworks";
				PRODUCT_NAME = "$(TARGET_NAME)";
			};
			name = Release;
		};
		FB2C817C1AECBA4200D90033 /* Debug */ = {
			isa = XCBuildConfiguration;
			buildSettings = {
				BUNDLE_LOADER = "$(TEST_HOST)";
				FRAMEWORK_SEARCH_PATHS = (
					"$(SDKROOT)/Developer/Library/Frameworks",
					"$(inherited)",
				);
				GCC_PREPROCESSOR_DEFINITIONS = (
					"DEBUG=1",
					"$(inherited)",
				);
				INFOPLIST_FILE = TestRuntimeTests/Info.plist;
				LD_RUNPATH_SEARCH_PATHS = "$(inherited) @executable_path/Frameworks @loader_path/Frameworks";
				PRODUCT_NAME = "$(TARGET_NAME)";
				TEST_HOST = "$(BUILT_PRODUCTS_DIR)/TestRuntime.app/TestRuntime";
			};
			name = Debug;
		};
		FB2C817D1AECBA4200D90033 /* Release */ = {
			isa = XCBuildConfiguration;
			buildSettings = {
				BUNDLE_LOADER = "$(TEST_HOST)";
				FRAMEWORK_SEARCH_PATHS = (
					"$(SDKROOT)/Developer/Library/Frameworks",
					"$(inherited)",
				);
				INFOPLIST_FILE = TestRuntimeTests/Info.plist;
				LD_RUNPATH_SEARCH_PATHS = "$(inherited) @executable_path/Frameworks @loader_path/Frameworks";
				PRODUCT_NAME = "$(TARGET_NAME)";
				TEST_HOST = "$(BUILT_PRODUCTS_DIR)/TestRuntime.app/TestRuntime";
			};
			name = Release;
		};
/* End XCBuildConfiguration section */

/* Begin XCConfigurationList section */
		FB2C81501AECBA4200D90033 /* Build configuration list for PBXProject "TestRuntime" */ = {
			isa = XCConfigurationList;
			buildConfigurations = (
				FB2C81761AECBA4200D90033 /* Debug */,
				FB2C81771AECBA4200D90033 /* Release */,
			);
			defaultConfigurationIsVisible = 0;
			defaultConfigurationName = Release;
		};
		FB2C81781AECBA4200D90033 /* Build configuration list for PBXNativeTarget "TestRuntime" */ = {
			isa = XCConfigurationList;
			buildConfigurations = (
				FB2C81791AECBA4200D90033 /* Debug */,
				FB2C817A1AECBA4200D90033 /* Release */,
			);
			defaultConfigurationIsVisible = 0;
		};
		FB2C817B1AECBA4200D90033 /* Build configuration list for PBXNativeTarget "TestRuntimeTests" */ = {
			isa = XCConfigurationList;
			buildConfigurations = (
				FB2C817C1AECBA4200D90033 /* Debug */,
				FB2C817D1AECBA4200D90033 /* Release */,
			);
			defaultConfigurationIsVisible = 0;
		};
/* End XCConfigurationList section */
	};
	rootObject = FB2C814D1AECBA4200D90033 /* Project object */;
}
